
Microsoft Visual Studio Solution File, Format Version 12.00
# Visual Studio Version 17
VisualStudioVersion = 17.8.34511.84
MinimumVisualStudioVersion = 10.0.40219.1
Project("{FAE04EC0-301F-11D3-BF4B-00C04F79EFBC}") = "Proyecto Programacion Azanzada", "Proyecto Programacion Azanzada.csproj", "{45F869E9-7A2D-4955-A430-D71F2DDF6310}"
EndProject
Project("{FAE04EC0-301F-11D3-BF4B-00C04F79EFBC}") = "ProyectoMascotas.DAL", "..\ProyectoMascotas.DAL\ProyectoMascotas.DAL.csproj", "{8AF694B7-D392-46DE-8058-35E5926F3DDD}"
EndProject
Global
	GlobalSection(SolutionConfigurationPlatforms) = preSolution
		Debug|Any CPU = Debug|Any CPU
		Release|Any CPU = Release|Any CPU
	EndGlobalSection
	GlobalSection(ProjectConfigurationPlatforms) = postSolution
		{45F869E9-7A2D-4955-A430-D71F2DDF6310}.Debug|Any CPU.ActiveCfg = Debug|Any CPU
		{45F869E9-7A2D-4955-A430-D71F2DDF6310}.Debug|Any CPU.Build.0 = Debug|Any CPU
		{45F869E9-7A2D-4955-A430-D71F2DDF6310}.Release|Any CPU.ActiveCfg = Release|Any CPU
		{45F869E9-7A2D-4955-A430-D71F2DDF6310}.Release|Any CPU.Build.0 = Release|Any CPU
		{8AF694B7-D392-46DE-8058-35E5926F3DDD}.Debug|Any CPU.ActiveCfg = Debug|Any CPU
		{8AF694B7-D392-46DE-8058-35E5926F3DDD}.Debug|Any CPU.Build.0 = Debug|Any CPU
		{8AF694B7-D392-46DE-8058-35E5926F3DDD}.Release|Any CPU.ActiveCfg = Release|Any CPU
		{8AF694B7-D392-46DE-8058-35E5926F3DDD}.Release|Any CPU.Build.0 = Release|Any CPU
	EndGlobalSection
	GlobalSection(SolutionProperties) = preSolution
		HideSolutionNode = FALSE
	EndGlobalSection
	GlobalSection(ExtensibilityGlobals) = postSolution
		SolutionGuid = {B4EE6AEB-C900-4F75-997A-82CDB274D133}
	EndGlobalSection
EndGlobal
